
Microsoft Visual Studio Solution File, Format Version 12.00
# Visual Studio Version 16
VisualStudioVersion = 16.0.29418.71
MinimumVisualStudioVersion = 10.0.40219.1
Project("{FAE04EC0-301F-11D3-BF4B-00C04F79EFBC}") = "ProyectFinalProg3", "ProyectFinalProg3\ProyectFinalProg3.csproj", "{4CC3B5F0-5974-45B0-8D0E-BE658A0B8618}"
EndProject
Global
	GlobalSection(SolutionConfigurationPlatforms) = preSolution
		Debug|Any CPU = Debug|Any CPU
		Release|Any CPU = Release|Any CPU
	EndGlobalSection
	GlobalSection(ProjectConfigurationPlatforms) = postSolution
		{4CC3B5F0-5974-45B0-8D0E-BE658A0B8618}.Debug|Any CPU.ActiveCfg = Debug|Any CPU
		{4CC3B5F0-5974-45B0-8D0E-BE658A0B8618}.Debug|Any CPU.Build.0 = Debug|Any CPU
		{4CC3B5F0-5974-45B0-8D0E-BE658A0B8618}.Release|Any CPU.ActiveCfg = Release|Any CPU
		{4CC3B5F0-5974-45B0-8D0E-BE658A0B8618}.Release|Any CPU.Build.0 = Release|Any CPU
	EndGlobalSection
	GlobalSection(SolutionProperties) = preSolution
		HideSolutionNode = FALSE
	EndGlobalSection
	GlobalSection(ExtensibilityGlobals) = postSolution
		SolutionGuid = {AA1B9B55-CC78-47A4-9CCC-CDE75C93A148}
	EndGlobalSection
EndGlobal
